{"1.2.0",
[{<<"cowboy">>,{pkg,<<"cowboy">>,<<"2.10.0">>},0},
 {<<"cowlib">>,{pkg,<<"cowlib">>,<<"2.11.0">>},0},
 {<<"epgsql">>,
  {git,"https://github.com/epgsql/epgsql.git",
       {ref,"28e9f84c95065a51e92baeb37d2cf1687fc4b9ce"}},
  0},
 {<<"jose">>,{pkg,<<"jose">>,<<"1.11.1">>},0},
 {<<"jsone">>,{pkg,<<"jsone">>,<<"1.8.0">>},0},
 {<<"jsx">>,{pkg,<<"jsx">>,<<"2.11.0">>},0},
 {<<"mysql">>,
  {git,"https://github.com/mysql-otp/mysql-otp.git",
       {ref,"1afd59677b3e2daf795f5fd77268e1dbc20f4c51"}},
  0},
 {<<"ranch">>,{pkg,<<"ranch">>,<<"1.8.1">>},0}]}.
[
{pkg_hash,[
 {<<"cowboy">>, <<"FF9FFEFF91DAE4AE270DD975642997AFE2A1179D94B1887863E43F681A203E26">>},
 {<<"cowlib">>, <<"0B9FF9C346629256C42EBE1EEB769A83C6CB771A6EE5960BD110AB0B9B872063">>},
 {<<"jose">>, <<"59DA64010C69AAD6CDE2F5B9248B896B84472E99BD18F246085B7B9FE435DCDB">>},
 {<<"jsone">>, <<"347FF1FA700E182E1F9C5012FA6D737B12C854313B9AE6954CA75D3987D6C06D">>},
 {<<"jsx">>, <<"08154624050333919B4AC1B789667D5F4DB166DC50E190C4D778D1587F102EE0">>},
 {<<"ranch">>, <<"208169E65292AC5D333D6CDBAD49388C1AE198136E4697AE2F474697140F201C">>}]},
{pkg_hash_ext,[
 {<<"cowboy">>, <<"3AFDCCB7183CC6F143CB14D3CF51FA00E53DB9EC80CDCD525482F5E99BC41D6B">>},
 {<<"cowlib">>, <<"2B3E9DA0B21C4565751A6D4901C20D1B4CC25CBB7FD50D91D2AB6DD287BC86A9">>},
 {<<"jose">>, <<"078F6C9FB3CD2F4CFAFC972C814261A7D1E8D2B3685C0A76EB87E158EFFF1AC5">>},
 {<<"jsone">>, <<"08560B78624A12E0B5E7EC0271EC8CA38EF51F63D84D84843473E14D9B12618C">>},
 {<<"jsx">>, <<"EED26A0D04D217F9EECEFFFB89714452556CF90EB38F290A27A4D45B9988F8C0">>},
 {<<"ranch">>, <<"AED58910F4E21DEEA992A67BF51632B6D60114895EB03BB392BB733064594DD0">>}]}
].
